
Microsoft Visual Studio Solution File, Format Version 12.00
# Visual Studio Version 17
VisualStudioVersion = 17.14.36518.9 d17.14
MinimumVisualStudioVersion = 10.0.40219.1
Project("{FAE04EC0-301F-11D3-BF4B-00C04F79EFBC}") = "matemática", "matemática.csproj", "{BD100B44-A524-4C20-A9A3-DF01B6D0AFEA}"
EndProject
Global
	GlobalSection(SolutionConfigurationPlatforms) = preSolution
		Debug|Any CPU = Debug|Any CPU
		Release|Any CPU = Release|Any CPU
	EndGlobalSection
	GlobalSection(ProjectConfigurationPlatforms) = postSolution
		{BD100B44-A524-4C20-A9A3-DF01B6D0AFEA}.Debug|Any CPU.ActiveCfg = Debug|Any CPU
		{BD100B44-A524-4C20-A9A3-DF01B6D0AFEA}.Debug|Any CPU.Build.0 = Debug|Any CPU
		{BD100B44-A524-4C20-A9A3-DF01B6D0AFEA}.Release|Any CPU.ActiveCfg = Release|Any CPU
		{BD100B44-A524-4C20-A9A3-DF01B6D0AFEA}.Release|Any CPU.Build.0 = Release|Any CPU
	EndGlobalSection
	GlobalSection(SolutionProperties) = preSolution
		HideSolutionNode = FALSE
	EndGlobalSection
	GlobalSection(ExtensibilityGlobals) = postSolution
		SolutionGuid = {CB4DE240-1C2E-4638-9F66-F0783270B34C}
	EndGlobalSection
EndGlobal
