
Microsoft Visual Studio Solution File, Format Version 12.00
# Visual Studio Version 17
VisualStudioVersion = 17.14.36623.8 d17.14
MinimumVisualStudioVersion = 10.0.40219.1
Project("{FAE04EC0-301F-11D3-BF4B-00C04F79EFBC}") = "maratona02exercicios", "maratona02exercicios.csproj", "{CC70D951-7342-407D-BCBF-0B036B339031}"
EndProject
Global
	GlobalSection(SolutionConfigurationPlatforms) = preSolution
		Debug|Any CPU = Debug|Any CPU
		Release|Any CPU = Release|Any CPU
	EndGlobalSection
	GlobalSection(ProjectConfigurationPlatforms) = postSolution
		{CC70D951-7342-407D-BCBF-0B036B339031}.Debug|Any CPU.ActiveCfg = Debug|Any CPU
		{CC70D951-7342-407D-BCBF-0B036B339031}.Debug|Any CPU.Build.0 = Debug|Any CPU
		{CC70D951-7342-407D-BCBF-0B036B339031}.Release|Any CPU.ActiveCfg = Release|Any CPU
		{CC70D951-7342-407D-BCBF-0B036B339031}.Release|Any CPU.Build.0 = Release|Any CPU
	EndGlobalSection
	GlobalSection(SolutionProperties) = preSolution
		HideSolutionNode = FALSE
	EndGlobalSection
	GlobalSection(ExtensibilityGlobals) = postSolution
		SolutionGuid = {D05EB67D-D069-44BF-BE27-281334F1287F}
	EndGlobalSection
EndGlobal
