
Microsoft Visual Studio Solution File, Format Version 12.00
# Visual Studio Version 17
VisualStudioVersion = 17.14.36518.9 d17.14
MinimumVisualStudioVersion = 10.0.40219.1
Project("{FAE04EC0-301F-11D3-BF4B-00C04F79EFBC}") = "loop", "loop.csproj", "{C40E72B1-D41B-414E-B837-B9463A23D079}"
EndProject
Global
	GlobalSection(SolutionConfigurationPlatforms) = preSolution
		Debug|Any CPU = Debug|Any CPU
		Release|Any CPU = Release|Any CPU
	EndGlobalSection
	GlobalSection(ProjectConfigurationPlatforms) = postSolution
		{C40E72B1-D41B-414E-B837-B9463A23D079}.Debug|Any CPU.ActiveCfg = Debug|Any CPU
		{C40E72B1-D41B-414E-B837-B9463A23D079}.Debug|Any CPU.Build.0 = Debug|Any CPU
		{C40E72B1-D41B-414E-B837-B9463A23D079}.Release|Any CPU.ActiveCfg = Release|Any CPU
		{C40E72B1-D41B-414E-B837-B9463A23D079}.Release|Any CPU.Build.0 = Release|Any CPU
	EndGlobalSection
	GlobalSection(SolutionProperties) = preSolution
		HideSolutionNode = FALSE
	EndGlobalSection
	GlobalSection(ExtensibilityGlobals) = postSolution
		SolutionGuid = {413F4629-2A77-41D7-9C38-66001EA831F5}
	EndGlobalSection
EndGlobal
