
Microsoft Visual Studio Solution File, Format Version 12.00
# Visual Studio Version 17
VisualStudioVersion = 17.14.36310.24 d17.14
MinimumVisualStudioVersion = 10.0.40219.1
Project("{FAE04EC0-301F-11D3-BF4B-00C04F79EFBC}") = "classeheranca", "classeheranca.csproj", "{08A3B7E1-EA30-41C2-8E06-B39723A3D865}"
EndProject
Global
	GlobalSection(SolutionConfigurationPlatforms) = preSolution
		Debug|Any CPU = Debug|Any CPU
		Release|Any CPU = Release|Any CPU
	EndGlobalSection
	GlobalSection(ProjectConfigurationPlatforms) = postSolution
		{08A3B7E1-EA30-41C2-8E06-B39723A3D865}.Debug|Any CPU.ActiveCfg = Debug|Any CPU
		{08A3B7E1-EA30-41C2-8E06-B39723A3D865}.Debug|Any CPU.Build.0 = Debug|Any CPU
		{08A3B7E1-EA30-41C2-8E06-B39723A3D865}.Release|Any CPU.ActiveCfg = Release|Any CPU
		{08A3B7E1-EA30-41C2-8E06-B39723A3D865}.Release|Any CPU.Build.0 = Release|Any CPU
	EndGlobalSection
	GlobalSection(SolutionProperties) = preSolution
		HideSolutionNode = FALSE
	EndGlobalSection
	GlobalSection(ExtensibilityGlobals) = postSolution
		SolutionGuid = {CB751A06-9C7D-4AE1-A2A1-725AD8156231}
	EndGlobalSection
EndGlobal
