
Microsoft Visual Studio Solution File, Format Version 12.00
# Visual Studio Version 17
VisualStudioVersion = 17.14.36310.24 d17.14
MinimumVisualStudioVersion = 10.0.40219.1
Project("{FAE04EC0-301F-11D3-BF4B-00C04F79EFBC}") = "picturebox", "picturebox.csproj", "{C7792DFB-A633-4E0B-BA02-DA4ACBDBB3E3}"
EndProject
Global
	GlobalSection(SolutionConfigurationPlatforms) = preSolution
		Debug|Any CPU = Debug|Any CPU
		Release|Any CPU = Release|Any CPU
	EndGlobalSection
	GlobalSection(ProjectConfigurationPlatforms) = postSolution
		{C7792DFB-A633-4E0B-BA02-DA4ACBDBB3E3}.Debug|Any CPU.ActiveCfg = Debug|Any CPU
		{C7792DFB-A633-4E0B-BA02-DA4ACBDBB3E3}.Debug|Any CPU.Build.0 = Debug|Any CPU
		{C7792DFB-A633-4E0B-BA02-DA4ACBDBB3E3}.Release|Any CPU.ActiveCfg = Release|Any CPU
		{C7792DFB-A633-4E0B-BA02-DA4ACBDBB3E3}.Release|Any CPU.Build.0 = Release|Any CPU
	EndGlobalSection
	GlobalSection(SolutionProperties) = preSolution
		HideSolutionNode = FALSE
	EndGlobalSection
	GlobalSection(ExtensibilityGlobals) = postSolution
		SolutionGuid = {28B88204-BDC5-4087-B59D-954806595703}
	EndGlobalSection
EndGlobal
