
Microsoft Visual Studio Solution File, Format Version 12.00
# Visual Studio Version 17
VisualStudioVersion = 17.14.36310.24 d17.14
MinimumVisualStudioVersion = 10.0.40219.1
Project("{FAE04EC0-301F-11D3-BF4B-00C04F79EFBC}") = "telalogin02", "telalogin02.csproj", "{82C4535E-185B-4157-BCEC-A22D315BA63B}"
EndProject
Global
	GlobalSection(SolutionConfigurationPlatforms) = preSolution
		Debug|Any CPU = Debug|Any CPU
		Release|Any CPU = Release|Any CPU
	EndGlobalSection
	GlobalSection(ProjectConfigurationPlatforms) = postSolution
		{82C4535E-185B-4157-BCEC-A22D315BA63B}.Debug|Any CPU.ActiveCfg = Debug|Any CPU
		{82C4535E-185B-4157-BCEC-A22D315BA63B}.Debug|Any CPU.Build.0 = Debug|Any CPU
		{82C4535E-185B-4157-BCEC-A22D315BA63B}.Release|Any CPU.ActiveCfg = Release|Any CPU
		{82C4535E-185B-4157-BCEC-A22D315BA63B}.Release|Any CPU.Build.0 = Release|Any CPU
	EndGlobalSection
	GlobalSection(SolutionProperties) = preSolution
		HideSolutionNode = FALSE
	EndGlobalSection
	GlobalSection(ExtensibilityGlobals) = postSolution
		SolutionGuid = {B025BB38-6A68-4EBA-8123-0AC7B3BD0C91}
	EndGlobalSection
EndGlobal
