
Microsoft Visual Studio Solution File, Format Version 12.00
# Visual Studio Version 17
VisualStudioVersion = 17.14.36518.9 d17.14
MinimumVisualStudioVersion = 10.0.40219.1
Project("{FAE04EC0-301F-11D3-BF4B-00C04F79EFBC}") = "maratona exercicios 01", "maratona exercicios 01.csproj", "{1325455E-0CA5-4DC5-BD24-69E9BA78B666}"
EndProject
Global
	GlobalSection(SolutionConfigurationPlatforms) = preSolution
		Debug|Any CPU = Debug|Any CPU
		Release|Any CPU = Release|Any CPU
	EndGlobalSection
	GlobalSection(ProjectConfigurationPlatforms) = postSolution
		{1325455E-0CA5-4DC5-BD24-69E9BA78B666}.Debug|Any CPU.ActiveCfg = Debug|Any CPU
		{1325455E-0CA5-4DC5-BD24-69E9BA78B666}.Debug|Any CPU.Build.0 = Debug|Any CPU
		{1325455E-0CA5-4DC5-BD24-69E9BA78B666}.Release|Any CPU.ActiveCfg = Release|Any CPU
		{1325455E-0CA5-4DC5-BD24-69E9BA78B666}.Release|Any CPU.Build.0 = Release|Any CPU
	EndGlobalSection
	GlobalSection(SolutionProperties) = preSolution
		HideSolutionNode = FALSE
	EndGlobalSection
	GlobalSection(ExtensibilityGlobals) = postSolution
		SolutionGuid = {D8EC237E-9DA8-4A6E-ACF2-FA04C335E090}
	EndGlobalSection
EndGlobal
